
Microsoft Visual Studio Solution File, Format Version 12.00
# Visual Studio Version 17
VisualStudioVersion = 17.7.34024.191
MinimumVisualStudioVersion = 10.0.40219.1
Project("{FAE04EC0-301F-11D3-BF4B-00C04F79EFBC}") = "cours 1", "cours 1.csproj", "{6037CF21-6945-4BD1-82E3-DC807CF18ACE}"
EndProject
Global
	GlobalSection(SolutionConfigurationPlatforms) = preSolution
		Debug|Any CPU = Debug|Any CPU
		Release|Any CPU = Release|Any CPU
	EndGlobalSection
	GlobalSection(ProjectConfigurationPlatforms) = postSolution
		{6037CF21-6945-4BD1-82E3-DC807CF18ACE}.Debug|Any CPU.ActiveCfg = Debug|Any CPU
		{6037CF21-6945-4BD1-82E3-DC807CF18ACE}.Debug|Any CPU.Build.0 = Debug|Any CPU
		{6037CF21-6945-4BD1-82E3-DC807CF18ACE}.Release|Any CPU.ActiveCfg = Release|Any CPU
		{6037CF21-6945-4BD1-82E3-DC807CF18ACE}.Release|Any CPU.Build.0 = Release|Any CPU
	EndGlobalSection
	GlobalSection(SolutionProperties) = preSolution
		HideSolutionNode = FALSE
	EndGlobalSection
	GlobalSection(ExtensibilityGlobals) = postSolution
		SolutionGuid = {C0671F7A-C770-45E1-A081-9F18C4E0AE40}
	EndGlobalSection
EndGlobal
